
Microsoft Visual Studio Solution File, Format Version 12.00
# Visual Studio Version 17
VisualStudioVersion = 17.5.33502.453
MinimumVisualStudioVersion = 10.0.40219.1
Project("{9A19103F-16F7-4668-BE54-9A1E7A4F7556}") = "ContactRegister", "ContactRegister.csproj", "{14E1CD2C-A5DE-4116-8957-BD90C0677AF1}"
EndProject
Global
	GlobalSection(SolutionConfigurationPlatforms) = preSolution
		Debug|Any CPU = Debug|Any CPU
		Release|Any CPU = Release|Any CPU
	EndGlobalSection
	GlobalSection(ProjectConfigurationPlatforms) = postSolution
		{14E1CD2C-A5DE-4116-8957-BD90C0677AF1}.Debug|Any CPU.ActiveCfg = Debug|Any CPU
		{14E1CD2C-A5DE-4116-8957-BD90C0677AF1}.Debug|Any CPU.Build.0 = Debug|Any CPU
		{14E1CD2C-A5DE-4116-8957-BD90C0677AF1}.Release|Any CPU.ActiveCfg = Release|Any CPU
		{14E1CD2C-A5DE-4116-8957-BD90C0677AF1}.Release|Any CPU.Build.0 = Release|Any CPU
	EndGlobalSection
	GlobalSection(SolutionProperties) = preSolution
		HideSolutionNode = FALSE
	EndGlobalSection
	GlobalSection(ExtensibilityGlobals) = postSolution
		SolutionGuid = {F55CD560-4E63-4B1F-96B7-C803D74FCF2A}
	EndGlobalSection
EndGlobal
